// !$*UTF8*$!
{
	archiveVersion = 1;
	classes = {
	};
	objectVersion = 46;
	objects = {

/* Begin PBXBuildFile section */
		19488F6F1DCBB3D700C2B531 /* levelPurpleButton.png in Resources */ = {isa = PBXBuildFile; fileRef = 19488F6B1DCBB3D700C2B531 /* levelPurpleButton.png */; };
		19488F701DCBB3D700C2B531 /* levelRedButton.png in Resources */ = {isa = PBXBuildFile; fileRef = 19488F6C1DCBB3D700C2B531 /* levelRedButton.png */; };
		19488F711DCBB3D700C2B531 /* levelWhiteButton.png in Resources */ = {isa = PBXBuildFile; fileRef = 19488F6D1DCBB3D700C2B531 /* levelWhiteButton.png */; };
		19488F721DCBB3D700C2B531 /* levelYellowButton.png in Resources */ = {isa = PBXBuildFile; fileRef = 19488F6E1DCBB3D700C2B531 /* levelYellowButton.png */; };
		19488F751DCC0C7A00C2B531 /* ReporterType.swift in Sources */ = {isa = PBXBuildFile; fileRef = 19488F741DCC0C7A00C2B531 /* ReporterType.swift */; };
		19488F771DCC0CAB00C2B531 /* ReporterConfig.swift in Sources */ = {isa = PBXBuildFile; fileRef = 19488F761DCC0CAB00C2B531 /* ReporterConfig.swift */; };
		19488F791DCD0F1600C2B531 /* NukeRecordsPacket.swift in Sources */ = {isa = PBXBuildFile; fileRef = 19488F781DCD0F1600C2B531 /* NukeRecordsPacket.swift */; };
		19488F7B1DCD105600C2B531 /* NukePacketParser.swift in Sources */ = {isa = PBXBuildFile; fileRef = 19488F7A1DCD105600C2B531 /* NukePacketParser.swift */; };
		19488F7D1DCD4F4C00C2B531 /* ReporterError.swift in Sources */ = {isa = PBXBuildFile; fileRef = 19488F7C1DCD4F4C00C2B531 /* ReporterError.swift */; };
		1988CBF21DC940D300AA8A8F /* BleManager.swift in Sources */ = {isa = PBXBuildFile; fileRef = 1988CBED1DC940D300AA8A8F /* BleManager.swift */; };
		1988CBF31DC940D300AA8A8F /* BootloaderManager.swift in Sources */ = {isa = PBXBuildFile; fileRef = 1988CBEE1DC940D300AA8A8F /* BootloaderManager.swift */; };
		1988CBF41DC940D300AA8A8F /* DeviceClient.swift in Sources */ = {isa = PBXBuildFile; fileRef = 1988CBEF1DC940D300AA8A8F /* DeviceClient.swift */; };
		1988CBF51DC940D300AA8A8F /* DeviceIdManager.swift in Sources */ = {isa = PBXBuildFile; fileRef = 1988CBF01DC940D300AA8A8F /* DeviceIdManager.swift */; };
		1988CBF61DC940D300AA8A8F /* DeviceStateMachine.swift in Sources */ = {isa = PBXBuildFile; fileRef = 1988CBF11DC940D300AA8A8F /* DeviceStateMachine.swift */; };
		1988CBFF1DC9411700AA8A8F /* AccelFilt.swift in Sources */ = {isa = PBXBuildFile; fileRef = 1988CBF91DC9411700AA8A8F /* AccelFilt.swift */; };
		1988CC001DC9411700AA8A8F /* BatteryReport.swift in Sources */ = {isa = PBXBuildFile; fileRef = 1988CBFA1DC9411700AA8A8F /* BatteryReport.swift */; };
		1988CC011DC9411700AA8A8F /* BatteryState.swift in Sources */ = {isa = PBXBuildFile; fileRef = 1988CBFB1DC9411700AA8A8F /* BatteryState.swift */; };
		1988CC021DC9411700AA8A8F /* BleCommand.swift in Sources */ = {isa = PBXBuildFile; fileRef = 1988CBFC1DC9411700AA8A8F /* BleCommand.swift */; };
		1988CC031DC9411700AA8A8F /* BleFoundDevice.swift in Sources */ = {isa = PBXBuildFile; fileRef = 1988CBFD1DC9411700AA8A8F /* BleFoundDevice.swift */; };
		1988CC041DC9411700AA8A8F /* CodePacket.swift in Sources */ = {isa = PBXBuildFile; fileRef = 1988CBFE1DC9411700AA8A8F /* CodePacket.swift */; };
		1988CC101DC9413D00AA8A8F /* BleCharacteristics.swift in Sources */ = {isa = PBXBuildFile; fileRef = 1988CC061DC9413D00AA8A8F /* BleCharacteristics.swift */; };
		1988CC111DC9413D00AA8A8F /* BleServices.swift in Sources */ = {isa = PBXBuildFile; fileRef = 1988CC071DC9413D00AA8A8F /* BleServices.swift */; };
		1988CC121DC9413D00AA8A8F /* Charity.swift in Sources */ = {isa = PBXBuildFile; fileRef = 1988CC081DC9413D00AA8A8F /* Charity.swift */; };
		1988CC131DC9413D00AA8A8F /* DataFields.swift in Sources */ = {isa = PBXBuildFile; fileRef = 1988CC091DC9413D00AA8A8F /* DataFields.swift */; };
		1988CC141DC9413D00AA8A8F /* DependentDataScale.swift in Sources */ = {isa = PBXBuildFile; fileRef = 1988CC0A1DC9413D00AA8A8F /* DependentDataScale.swift */; };
		1988CC151DC9413D00AA8A8F /* DependentDataType.swift in Sources */ = {isa = PBXBuildFile; fileRef = 1988CC0B1DC9413D00AA8A8F /* DependentDataType.swift */; };
		1988CC161DC9413D00AA8A8F /* DependentVariableDescription.swift in Sources */ = {isa = PBXBuildFile; fileRef = 1988CC0C1DC9413D00AA8A8F /* DependentVariableDescription.swift */; };
		1988CC171DC9413D00AA8A8F /* DeviceCommand.swift in Sources */ = {isa = PBXBuildFile; fileRef = 1988CC0D1DC9413D00AA8A8F /* DeviceCommand.swift */; };
		1988CC181DC9413D00AA8A8F /* IndependentVariableDescription.swift in Sources */ = {isa = PBXBuildFile; fileRef = 1988CC0E1DC9413D00AA8A8F /* IndependentVariableDescription.swift */; };
		1988CC191DC9413D00AA8A8F /* StateMachine.swift in Sources */ = {isa = PBXBuildFile; fileRef = 1988CC0F1DC9413D00AA8A8F /* StateMachine.swift */; };
		1988CC1E1DC9415200AA8A8F /* DataPacket.swift in Sources */ = {isa = PBXBuildFile; fileRef = 1988CC1A1DC9415200AA8A8F /* DataPacket.swift */; };
		1988CC1F1DC9415300AA8A8F /* DeleteBondPacket.swift in Sources */ = {isa = PBXBuildFile; fileRef = 1988CC1B1DC9415200AA8A8F /* DeleteBondPacket.swift */; };
		1988CC201DC9415300AA8A8F /* DeviceUserUuid.swift in Sources */ = {isa = PBXBuildFile; fileRef = 1988CC1C1DC9415200AA8A8F /* DeviceUserUuid.swift */; };
		1988CC211DC9415300AA8A8F /* Frame.swift in Sources */ = {isa = PBXBuildFile; fileRef = 1988CC1D1DC9415200AA8A8F /* Frame.swift */; };
		1988CC261DC9418200AA8A8F /* BitsHelper.swift in Sources */ = {isa = PBXBuildFile; fileRef = 1988CC231DC9418200AA8A8F /* BitsHelper.swift */; };
		1988CC271DC9418200AA8A8F /* CalculationHelper.swift in Sources */ = {isa = PBXBuildFile; fileRef = 1988CC241DC9418200AA8A8F /* CalculationHelper.swift */; };
		1988CC281DC9418200AA8A8F /* LeastSquaresExponentialFit.swift in Sources */ = {isa = PBXBuildFile; fileRef = 1988CC251DC9418200AA8A8F /* LeastSquaresExponentialFit.swift */; };
		1988CC301DC9418F00AA8A8F /* LastLocation.swift in Sources */ = {isa = PBXBuildFile; fileRef = 1988CC291DC9418F00AA8A8F /* LastLocation.swift */; };
		1988CC311DC9418F00AA8A8F /* LevelColor.swift in Sources */ = {isa = PBXBuildFile; fileRef = 1988CC2A1DC9418F00AA8A8F /* LevelColor.swift */; };
		1988CC321DC9418F00AA8A8F /* LevelModel.swift in Sources */ = {isa = PBXBuildFile; fileRef = 1988CC2B1DC9418F00AA8A8F /* LevelModel.swift */; };
		1988CC331DC9418F00AA8A8F /* LevelUser.swift in Sources */ = {isa = PBXBuildFile; fileRef = 1988CC2C1DC9418F00AA8A8F /* LevelUser.swift */; };
		1988CC341DC9418F00AA8A8F /* LockPacket.swift in Sources */ = {isa = PBXBuildFile; fileRef = 1988CC2D1DC9418F00AA8A8F /* LockPacket.swift */; };
		1988CC351DC9418F00AA8A8F /* RecordData.swift in Sources */ = {isa = PBXBuildFile; fileRef = 1988CC2E1DC9418F00AA8A8F /* RecordData.swift */; };
		1988CC361DC9418F00AA8A8F /* ReportAttributes.swift in Sources */ = {isa = PBXBuildFile; fileRef = 1988CC2F1DC9418F00AA8A8F /* ReportAttributes.swift */; };
		1988CC461DC941C700AA8A8F /* CodeParser.swift in Sources */ = {isa = PBXBuildFile; fileRef = 1988CC381DC941C700AA8A8F /* CodeParser.swift */; };
		1988CC471DC941C700AA8A8F /* DataPacketFactory.swift in Sources */ = {isa = PBXBuildFile; fileRef = 1988CC391DC941C700AA8A8F /* DataPacketFactory.swift */; };
		1988CC481DC941C700AA8A8F /* DataPacketParser.swift in Sources */ = {isa = PBXBuildFile; fileRef = 1988CC3A1DC941C700AA8A8F /* DataPacketParser.swift */; };
		1988CC491DC941C700AA8A8F /* DeleteBondParser.swift in Sources */ = {isa = PBXBuildFile; fileRef = 1988CC3B1DC941C700AA8A8F /* DeleteBondParser.swift */; };
		1988CC4A1DC941C700AA8A8F /* FrameParser.swift in Sources */ = {isa = PBXBuildFile; fileRef = 1988CC3C1DC941C700AA8A8F /* FrameParser.swift */; };
		1988CC4B1DC941C700AA8A8F /* LockParser.swift in Sources */ = {isa = PBXBuildFile; fileRef = 1988CC3D1DC941C700AA8A8F /* LockParser.swift */; };
		1988CC4C1DC941C700AA8A8F /* NackParser.swift in Sources */ = {isa = PBXBuildFile; fileRef = 1988CC3E1DC941C700AA8A8F /* NackParser.swift */; };
		1988CC4D1DC941C700AA8A8F /* PacketParserManager.swift in Sources */ = {isa = PBXBuildFile; fileRef = 1988CC3F1DC941C700AA8A8F /* PacketParserManager.swift */; };
		1988CC4E1DC941C700AA8A8F /* ReportAttributesParser.swift in Sources */ = {isa = PBXBuildFile; fileRef = 1988CC401DC941C700AA8A8F /* ReportAttributesParser.swift */; };
		1988CC4F1DC941C700AA8A8F /* ReportControlParser.swift in Sources */ = {isa = PBXBuildFile; fileRef = 1988CC411DC941C700AA8A8F /* ReportControlParser.swift */; };
		1988CC501DC941C700AA8A8F /* StartOfRecordParser.swift in Sources */ = {isa = PBXBuildFile; fileRef = 1988CC421DC941C700AA8A8F /* StartOfRecordParser.swift */; };
		1988CC511DC941C700AA8A8F /* TimeParser.swift in Sources */ = {isa = PBXBuildFile; fileRef = 1988CC431DC941C700AA8A8F /* TimeParser.swift */; };
		1988CC521DC941C700AA8A8F /* TransmitControlParser.swift in Sources */ = {isa = PBXBuildFile; fileRef = 1988CC441DC941C700AA8A8F /* TransmitControlParser.swift */; };
		1988CC531DC941C700AA8A8F /* UserUuidParser.swift in Sources */ = {isa = PBXBuildFile; fileRef = 1988CC451DC941C700AA8A8F /* UserUuidParser.swift */; };
		1988CC551DC9431700AA8A8F /* Step.swift in Sources */ = {isa = PBXBuildFile; fileRef = 1988CC541DC9431700AA8A8F /* Step.swift */; };
		1988CC571DC9476C00AA8A8F /* TimePacket.swift in Sources */ = {isa = PBXBuildFile; fileRef = 1988CC561DC9476C00AA8A8F /* TimePacket.swift */; };
		1988CC591DC949DE00AA8A8F /* TransmitControlData.swift in Sources */ = {isa = PBXBuildFile; fileRef = 1988CC581DC949DE00AA8A8F /* TransmitControlData.swift */; };
		19B644801DC3CA7F00006C41 /* AppDelegate.swift in Sources */ = {isa = PBXBuildFile; fileRef = 19B6447F1DC3CA7F00006C41 /* AppDelegate.swift */; };
		19B644821DC3CA7F00006C41 /* FirstViewController.swift in Sources */ = {isa = PBXBuildFile; fileRef = 19B644811DC3CA7F00006C41 /* FirstViewController.swift */; };
		19B644841DC3CA7F00006C41 /* SecondViewController.swift in Sources */ = {isa = PBXBuildFile; fileRef = 19B644831DC3CA7F00006C41 /* SecondViewController.swift */; };
		19B644871DC3CA7F00006C41 /* Main.storyboard in Resources */ = {isa = PBXBuildFile; fileRef = 19B644851DC3CA7F00006C41 /* Main.storyboard */; };
		19B644891DC3CA7F00006C41 /* Assets.xcassets in Resources */ = {isa = PBXBuildFile; fileRef = 19B644881DC3CA7F00006C41 /* Assets.xcassets */; };
		19B6448C1DC3CA7F00006C41 /* LaunchScreen.storyboard in Resources */ = {isa = PBXBuildFile; fileRef = 19B6448A1DC3CA7F00006C41 /* LaunchScreen.storyboard */; };
		19B644971DC3CA7F00006C41 /* LevelIOSSdkExampleTests.swift in Sources */ = {isa = PBXBuildFile; fileRef = 19B644961DC3CA7F00006C41 /* LevelIOSSdkExampleTests.swift */; };
		19B644A21DC3CA7F00006C41 /* LevelIOSSdkExampleUITests.swift in Sources */ = {isa = PBXBuildFile; fileRef = 19B644A11DC3CA7F00006C41 /* LevelIOSSdkExampleUITests.swift */; };
		2E5704B384DF40F37CCE8D0B /* Pods_LevelIOSSdkExampleUITests.framework in Frameworks */ = {isa = PBXBuildFile; fileRef = 995CF26298B69F71268C205E /* Pods_LevelIOSSdkExampleUITests.framework */; };
		593A537CAFEAAD9B96F9524F /* Pods_LevelIOSSdkExample.framework in Frameworks */ = {isa = PBXBuildFile; fileRef = D27499A7355434E236B25B33 /* Pods_LevelIOSSdkExample.framework */; };
		D87C56533A4230E4CB8F2234 /* Pods_LevelIOSSdkExampleTests.framework in Frameworks */ = {isa = PBXBuildFile; fileRef = BDC67E381983FD7FE8BB50D1 /* Pods_LevelIOSSdkExampleTests.framework */; };
/* End PBXBuildFile section */

/* Begin PBXContainerItemProxy section */
		19B644931DC3CA7F00006C41 /* PBXContainerItemProxy */ = {
			isa = PBXContainerItemProxy;
			containerPortal = 19B644741DC3CA7F00006C41 /* Project object */;
			proxyType = 1;
			remoteGlobalIDString = 19B6447B1DC3CA7F00006C41;
			remoteInfo = LevelIOSSdkExample;
		};
		19B6449E1DC3CA7F00006C41 /* PBXContainerItemProxy */ = {
			isa = PBXContainerItemProxy;
			containerPortal = 19B644741DC3CA7F00006C41 /* Project object */;
			proxyType = 1;
			remoteGlobalIDString = 19B6447B1DC3CA7F00006C41;
			remoteInfo = LevelIOSSdkExample;
		};
/* End PBXContainerItemProxy section */

/* Begin PBXFileReference section */
		17363981EBAAADC917E988FE /* Pods-LevelIOSSdkExampleTests.release.xcconfig */ = {isa = PBXFileReference; includeInIndex = 1; lastKnownFileType = text.xcconfig; name = "Pods-LevelIOSSdkExampleTests.release.xcconfig"; path = "Pods/Target Support Files/Pods-LevelIOSSdkExampleTests/Pods-LevelIOSSdkExampleTests.release.xcconfig"; sourceTree = "<group>"; };
		19488F6B1DCBB3D700C2B531 /* levelPurpleButton.png */ = {isa = PBXFileReference; lastKnownFileType = image.png; path = levelPurpleButton.png; sourceTree = "<group>"; };
		19488F6C1DCBB3D700C2B531 /* levelRedButton.png */ = {isa = PBXFileReference; lastKnownFileType = image.png; path = levelRedButton.png; sourceTree = "<group>"; };
		19488F6D1DCBB3D700C2B531 /* levelWhiteButton.png */ = {isa = PBXFileReference; lastKnownFileType = image.png; path = levelWhiteButton.png; sourceTree = "<group>"; };
		19488F6E1DCBB3D700C2B531 /* levelYellowButton.png */ = {isa = PBXFileReference; lastKnownFileType = image.png; path = levelYellowButton.png; sourceTree = "<group>"; };
		19488F741DCC0C7A00C2B531 /* ReporterType.swift */ = {isa = PBXFileReference; fileEncoding = 4; lastKnownFileType = sourcecode.swift; name = ReporterType.swift; path = LevelIOSSdk/model/constants/ReporterType.swift; sourceTree = "<group>"; };
		19488F761DCC0CAB00C2B531 /* ReporterConfig.swift */ = {isa = PBXFileReference; fileEncoding = 4; lastKnownFileType = sourcecode.swift; name = ReporterConfig.swift; path = LevelIOSSdk/model/ReporterConfig.swift; sourceTree = "<group>"; };
		19488F781DCD0F1600C2B531 /* NukeRecordsPacket.swift */ = {isa = PBXFileReference; fileEncoding = 4; lastKnownFileType = sourcecode.swift; name = NukeRecordsPacket.swift; path = LevelIOSSdk/model/NukeRecordsPacket.swift; sourceTree = "<group>"; };
		19488F7A1DCD105600C2B531 /* NukePacketParser.swift */ = {isa = PBXFileReference; fileEncoding = 4; lastKnownFileType = sourcecode.swift; name = NukePacketParser.swift; path = LevelIOSSdk/model/strategy/NukePacketParser.swift; sourceTree = "<group>"; };
		19488F7C1DCD4F4C00C2B531 /* ReporterError.swift */ = {isa = PBXFileReference; fileEncoding = 4; lastKnownFileType = sourcecode.swift; name = ReporterError.swift; path = LevelIOSSdk/model/constants/ReporterError.swift; sourceTree = "<group>"; };
		1988CBED1DC940D300AA8A8F /* BleManager.swift */ = {isa = PBXFileReference; fileEncoding = 4; lastKnownFileType = sourcecode.swift; name = BleManager.swift; path = LevelIOSSdk/BleManager.swift; sourceTree = "<group>"; };
		1988CBEE1DC940D300AA8A8F /* BootloaderManager.swift */ = {isa = PBXFileReference; fileEncoding = 4; lastKnownFileType = sourcecode.swift; name = BootloaderManager.swift; path = LevelIOSSdk/BootloaderManager.swift; sourceTree = "<group>"; };
		1988CBEF1DC940D300AA8A8F /* DeviceClient.swift */ = {isa = PBXFileReference; fileEncoding = 4; lastKnownFileType = sourcecode.swift; name = DeviceClient.swift; path = LevelIOSSdk/DeviceClient.swift; sourceTree = "<group>"; };
		1988CBF01DC940D300AA8A8F /* DeviceIdManager.swift */ = {isa = PBXFileReference; fileEncoding = 4; lastKnownFileType = sourcecode.swift; name = DeviceIdManager.swift; path = LevelIOSSdk/DeviceIdManager.swift; sourceTree = "<group>"; };
		1988CBF11DC940D300AA8A8F /* DeviceStateMachine.swift */ = {isa = PBXFileReference; fileEncoding = 4; lastKnownFileType = sourcecode.swift; name = DeviceStateMachine.swift; path = LevelIOSSdk/DeviceStateMachine.swift; sourceTree = "<group>"; };
		1988CBF91DC9411700AA8A8F /* AccelFilt.swift */ = {isa = PBXFileReference; fileEncoding = 4; lastKnownFileType = sourcecode.swift; name = AccelFilt.swift; path = LevelIOSSdk/model/AccelFilt.swift; sourceTree = "<group>"; };
		1988CBFA1DC9411700AA8A8F /* BatteryReport.swift */ = {isa = PBXFileReference; fileEncoding = 4; lastKnownFileType = sourcecode.swift; name = BatteryReport.swift; path = LevelIOSSdk/model/BatteryReport.swift; sourceTree = "<group>"; };
		1988CBFB1DC9411700AA8A8F /* BatteryState.swift */ = {isa = PBXFileReference; fileEncoding = 4; lastKnownFileType = sourcecode.swift; name = BatteryState.swift; path = LevelIOSSdk/model/BatteryState.swift; sourceTree = "<group>"; };
		1988CBFC1DC9411700AA8A8F /* BleCommand.swift */ = {isa = PBXFileReference; fileEncoding = 4; lastKnownFileType = sourcecode.swift; name = BleCommand.swift; path = LevelIOSSdk/model/BleCommand.swift; sourceTree = "<group>"; };
		1988CBFD1DC9411700AA8A8F /* BleFoundDevice.swift */ = {isa = PBXFileReference; fileEncoding = 4; lastKnownFileType = sourcecode.swift; name = BleFoundDevice.swift; path = LevelIOSSdk/model/BleFoundDevice.swift; sourceTree = "<group>"; };
		1988CBFE1DC9411700AA8A8F /* CodePacket.swift */ = {isa = PBXFileReference; fileEncoding = 4; lastKnownFileType = sourcecode.swift; name = CodePacket.swift; path = LevelIOSSdk/model/CodePacket.swift; sourceTree = "<group>"; };
		1988CC061DC9413D00AA8A8F /* BleCharacteristics.swift */ = {isa = PBXFileReference; fileEncoding = 4; lastKnownFileType = sourcecode.swift; name = BleCharacteristics.swift; path = LevelIOSSdk/model/constants/BleCharacteristics.swift; sourceTree = "<group>"; };
		1988CC071DC9413D00AA8A8F /* BleServices.swift */ = {isa = PBXFileReference; fileEncoding = 4; lastKnownFileType = sourcecode.swift; name = BleServices.swift; path = LevelIOSSdk/model/constants/BleServices.swift; sourceTree = "<group>"; };
		1988CC081DC9413D00AA8A8F /* Charity.swift */ = {isa = PBXFileReference; fileEncoding = 4; lastKnownFileType = sourcecode.swift; name = Charity.swift; path = LevelIOSSdk/model/constants/Charity.swift; sourceTree = "<group>"; };
		1988CC091DC9413D00AA8A8F /* DataFields.swift */ = {isa = PBXFileReference; fileEncoding = 4; lastKnownFileType = sourcecode.swift; name = DataFields.swift; path = LevelIOSSdk/model/constants/DataFields.swift; sourceTree = "<group>"; };
		1988CC0A1DC9413D00AA8A8F /* DependentDataScale.swift */ = {isa = PBXFileReference; fileEncoding = 4; lastKnownFileType = sourcecode.swift; name = DependentDataScale.swift; path = LevelIOSSdk/model/constants/DependentDataScale.swift; sourceTree = "<group>"; };
		1988CC0B1DC9413D00AA8A8F /* DependentDataType.swift */ = {isa = PBXFileReference; fileEncoding = 4; lastKnownFileType = sourcecode.swift; name = DependentDataType.swift; path = LevelIOSSdk/model/constants/DependentDataType.swift; sourceTree = "<group>"; };
		1988CC0C1DC9413D00AA8A8F /* DependentVariableDescription.swift */ = {isa = PBXFileReference; fileEncoding = 4; lastKnownFileType = sourcecode.swift; name = DependentVariableDescription.swift; path = LevelIOSSdk/model/constants/DependentVariableDescription.swift; sourceTree = "<group>"; };
		1988CC0D1DC9413D00AA8A8F /* DeviceCommand.swift */ = {isa = PBXFileReference; fileEncoding = 4; lastKnownFileType = sourcecode.swift; name = DeviceCommand.swift; path = LevelIOSSdk/model/constants/DeviceCommand.swift; sourceTree = "<group>"; };
		1988CC0E1DC9413D00AA8A8F /* IndependentVariableDescription.swift */ = {isa = PBXFileReference; fileEncoding = 4; lastKnownFileType = sourcecode.swift; name = IndependentVariableDescription.swift; path = LevelIOSSdk/model/constants/IndependentVariableDescription.swift; sourceTree = "<group>"; };
		1988CC0F1DC9413D00AA8A8F /* StateMachine.swift */ = {isa = PBXFileReference; fileEncoding = 4; lastKnownFileType = sourcecode.swift; name = StateMachine.swift; path = LevelIOSSdk/model/constants/StateMachine.swift; sourceTree = "<group>"; };
		1988CC1A1DC9415200AA8A8F /* DataPacket.swift */ = {isa = PBXFileReference; fileEncoding = 4; lastKnownFileType = sourcecode.swift; name = DataPacket.swift; path = LevelIOSSdk/model/DataPacket.swift; sourceTree = "<group>"; };
		1988CC1B1DC9415200AA8A8F /* DeleteBondPacket.swift */ = {isa = PBXFileReference; fileEncoding = 4; lastKnownFileType = sourcecode.swift; name = DeleteBondPacket.swift; path = LevelIOSSdk/model/DeleteBondPacket.swift; sourceTree = "<group>"; };
		1988CC1C1DC9415200AA8A8F /* DeviceUserUuid.swift */ = {isa = PBXFileReference; fileEncoding = 4; lastKnownFileType = sourcecode.swift; name = DeviceUserUuid.swift; path = LevelIOSSdk/model/DeviceUserUuid.swift; sourceTree = "<group>"; };
		1988CC1D1DC9415200AA8A8F /* Frame.swift */ = {isa = PBXFileReference; fileEncoding = 4; lastKnownFileType = sourcecode.swift; name = Frame.swift; path = LevelIOSSdk/model/Frame.swift; sourceTree = "<group>"; };
		1988CC231DC9418200AA8A8F /* BitsHelper.swift */ = {isa = PBXFileReference; fileEncoding = 4; lastKnownFileType = sourcecode.swift; name = BitsHelper.swift; path = LevelIOSSdk/model/helper/BitsHelper.swift; sourceTree = "<group>"; };
		1988CC241DC9418200AA8A8F /* CalculationHelper.swift */ = {isa = PBXFileReference; fileEncoding = 4; lastKnownFileType = sourcecode.swift; name = CalculationHelper.swift; path = LevelIOSSdk/model/helper/CalculationHelper.swift; sourceTree = "<group>"; };
		1988CC251DC9418200AA8A8F /* LeastSquaresExponentialFit.swift */ = {isa = PBXFileReference; fileEncoding = 4; lastKnownFileType = sourcecode.swift; name = LeastSquaresExponentialFit.swift; path = LevelIOSSdk/model/helper/LeastSquaresExponentialFit.swift; sourceTree = "<group>"; };
		1988CC291DC9418F00AA8A8F /* LastLocation.swift */ = {isa = PBXFileReference; fileEncoding = 4; lastKnownFileType = sourcecode.swift; name = LastLocation.swift; path = LevelIOSSdk/model/LastLocation.swift; sourceTree = "<group>"; };
		1988CC2A1DC9418F00AA8A8F /* LevelColor.swift */ = {isa = PBXFileReference; fileEncoding = 4; lastKnownFileType = sourcecode.swift; name = LevelColor.swift; path = LevelIOSSdk/model/LevelColor.swift; sourceTree = "<group>"; };
		1988CC2B1DC9418F00AA8A8F /* LevelModel.swift */ = {isa = PBXFileReference; fileEncoding = 4; lastKnownFileType = sourcecode.swift; name = LevelModel.swift; path = LevelIOSSdk/model/LevelModel.swift; sourceTree = "<group>"; };
		1988CC2C1DC9418F00AA8A8F /* LevelUser.swift */ = {isa = PBXFileReference; fileEncoding = 4; lastKnownFileType = sourcecode.swift; name = LevelUser.swift; path = LevelIOSSdk/model/LevelUser.swift; sourceTree = "<group>"; };
		1988CC2D1DC9418F00AA8A8F /* LockPacket.swift */ = {isa = PBXFileReference; fileEncoding = 4; lastKnownFileType = sourcecode.swift; name = LockPacket.swift; path = LevelIOSSdk/model/LockPacket.swift; sourceTree = "<group>"; };
		1988CC2E1DC9418F00AA8A8F /* RecordData.swift */ = {isa = PBXFileReference; fileEncoding = 4; lastKnownFileType = sourcecode.swift; name = RecordData.swift; path = LevelIOSSdk/model/RecordData.swift; sourceTree = "<group>"; };
		1988CC2F1DC9418F00AA8A8F /* ReportAttributes.swift */ = {isa = PBXFileReference; fileEncoding = 4; lastKnownFileType = sourcecode.swift; name = ReportAttributes.swift; path = LevelIOSSdk/model/ReportAttributes.swift; sourceTree = "<group>"; };
		1988CC381DC941C700AA8A8F /* CodeParser.swift */ = {isa = PBXFileReference; fileEncoding = 4; lastKnownFileType = sourcecode.swift; name = CodeParser.swift; path = LevelIOSSdk/model/strategy/CodeParser.swift; sourceTree = "<group>"; };
		1988CC391DC941C700AA8A8F /* DataPacketFactory.swift */ = {isa = PBXFileReference; fileEncoding = 4; lastKnownFileType = sourcecode.swift; name = DataPacketFactory.swift; path = LevelIOSSdk/model/strategy/DataPacketFactory.swift; sourceTree = "<group>"; };
		1988CC3A1DC941C700AA8A8F /* DataPacketParser.swift */ = {isa = PBXFileReference; fileEncoding = 4; lastKnownFileType = sourcecode.swift; name = DataPacketParser.swift; path = LevelIOSSdk/model/strategy/DataPacketParser.swift; sourceTree = "<group>"; };
		1988CC3B1DC941C700AA8A8F /* DeleteBondParser.swift */ = {isa = PBXFileReference; fileEncoding = 4; lastKnownFileType = sourcecode.swift; name = DeleteBondParser.swift; path = LevelIOSSdk/model/strategy/DeleteBondParser.swift; sourceTree = "<group>"; };
		1988CC3C1DC941C700AA8A8F /* FrameParser.swift */ = {isa = PBXFileReference; fileEncoding = 4; lastKnownFileType = sourcecode.swift; name = FrameParser.swift; path = LevelIOSSdk/model/strategy/FrameParser.swift; sourceTree = "<group>"; };
		1988CC3D1DC941C700AA8A8F /* LockParser.swift */ = {isa = PBXFileReference; fileEncoding = 4; lastKnownFileType = sourcecode.swift; name = LockParser.swift; path = LevelIOSSdk/model/strategy/LockParser.swift; sourceTree = "<group>"; };
		1988CC3E1DC941C700AA8A8F /* NackParser.swift */ = {isa = PBXFileReference; fileEncoding = 4; lastKnownFileType = sourcecode.swift; name = NackParser.swift; path = LevelIOSSdk/model/strategy/NackParser.swift; sourceTree = "<group>"; };
		1988CC3F1DC941C700AA8A8F /* PacketParserManager.swift */ = {isa = PBXFileReference; fileEncoding = 4; lastKnownFileType = sourcecode.swift; name = PacketParserManager.swift; path = LevelIOSSdk/model/strategy/PacketParserManager.swift; sourceTree = "<group>"; };
		1988CC401DC941C700AA8A8F /* ReportAttributesParser.swift */ = {isa = PBXFileReference; fileEncoding = 4; lastKnownFileType = sourcecode.swift; name = ReportAttributesParser.swift; path = LevelIOSSdk/model/strategy/ReportAttributesParser.swift; sourceTree = "<group>"; };
		1988CC411DC941C700AA8A8F /* ReportControlParser.swift */ = {isa = PBXFileReference; fileEncoding = 4; lastKnownFileType = sourcecode.swift; name = ReportControlParser.swift; path = LevelIOSSdk/model/strategy/ReportControlParser.swift; sourceTree = "<group>"; };
		1988CC421DC941C700AA8A8F /* StartOfRecordParser.swift */ = {isa = PBXFileReference; fileEncoding = 4; lastKnownFileType = sourcecode.swift; name = StartOfRecordParser.swift; path = LevelIOSSdk/model/strategy/StartOfRecordParser.swift; sourceTree = "<group>"; };
		1988CC431DC941C700AA8A8F /* TimeParser.swift */ = {isa = PBXFileReference; fileEncoding = 4; lastKnownFileType = sourcecode.swift; name = TimeParser.swift; path = LevelIOSSdk/model/strategy/TimeParser.swift; sourceTree = "<group>"; };
		1988CC441DC941C700AA8A8F /* TransmitControlParser.swift */ = {isa = PBXFileReference; fileEncoding = 4; lastKnownFileType = sourcecode.swift; name = TransmitControlParser.swift; path = LevelIOSSdk/model/strategy/TransmitControlParser.swift; sourceTree = "<group>"; };
		1988CC451DC941C700AA8A8F /* UserUuidParser.swift */ = {isa = PBXFileReference; fileEncoding = 4; lastKnownFileType = sourcecode.swift; name = UserUuidParser.swift; path = LevelIOSSdk/model/strategy/UserUuidParser.swift; sourceTree = "<group>"; };
		1988CC541DC9431700AA8A8F /* Step.swift */ = {isa = PBXFileReference; fileEncoding = 4; lastKnownFileType = sourcecode.swift; name = Step.swift; path = LevelIOSSdk/model/Step.swift; sourceTree = "<group>"; };
		1988CC561DC9476C00AA8A8F /* TimePacket.swift */ = {isa = PBXFileReference; fileEncoding = 4; lastKnownFileType = sourcecode.swift; name = TimePacket.swift; path = LevelIOSSdk/model/TimePacket.swift; sourceTree = "<group>"; };
		1988CC581DC949DE00AA8A8F /* TransmitControlData.swift */ = {isa = PBXFileReference; fileEncoding = 4; lastKnownFileType = sourcecode.swift; name = TransmitControlData.swift; path = LevelIOSSdk/model/TransmitControlData.swift; sourceTree = "<group>"; };
		19B6447C1DC3CA7F00006C41 /* LevelIOSSdkExample.app */ = {isa = PBXFileReference; explicitFileType = wrapper.application; includeInIndex = 0; path = LevelIOSSdkExample.app; sourceTree = BUILT_PRODUCTS_DIR; };
		19B6447F1DC3CA7F00006C41 /* AppDelegate.swift */ = {isa = PBXFileReference; lastKnownFileType = sourcecode.swift; path = AppDelegate.swift; sourceTree = "<group>"; };
		19B644811DC3CA7F00006C41 /* FirstViewController.swift */ = {isa = PBXFileReference; lastKnownFileType = sourcecode.swift; path = FirstViewController.swift; sourceTree = "<group>"; };
		19B644831DC3CA7F00006C41 /* SecondViewController.swift */ = {isa = PBXFileReference; lastKnownFileType = sourcecode.swift; path = SecondViewController.swift; sourceTree = "<group>"; };
		19B644861DC3CA7F00006C41 /* Base */ = {isa = PBXFileReference; lastKnownFileType = file.storyboard; name = Base; path = Base.lproj/Main.storyboard; sourceTree = "<group>"; };
		19B644881DC3CA7F00006C41 /* Assets.xcassets */ = {isa = PBXFileReference; lastKnownFileType = folder.assetcatalog; path = Assets.xcassets; sourceTree = "<group>"; };
		19B6448B1DC3CA7F00006C41 /* Base */ = {isa = PBXFileReference; lastKnownFileType = file.storyboard; name = Base; path = Base.lproj/LaunchScreen.storyboard; sourceTree = "<group>"; };
		19B6448D1DC3CA7F00006C41 /* Info.plist */ = {isa = PBXFileReference; lastKnownFileType = text.plist.xml; path = Info.plist; sourceTree = "<group>"; };
		19B644921DC3CA7F00006C41 /* LevelIOSSdkExampleTests.xctest */ = {isa = PBXFileReference; explicitFileType = wrapper.cfbundle; includeInIndex = 0; path = LevelIOSSdkExampleTests.xctest; sourceTree = BUILT_PRODUCTS_DIR; };
		19B644961DC3CA7F00006C41 /* LevelIOSSdkExampleTests.swift */ = {isa = PBXFileReference; lastKnownFileType = sourcecode.swift; path = LevelIOSSdkExampleTests.swift; sourceTree = "<group>"; };
		19B644981DC3CA7F00006C41 /* Info.plist */ = {isa = PBXFileReference; lastKnownFileType = text.plist.xml; path = Info.plist; sourceTree = "<group>"; };
		19B6449D1DC3CA7F00006C41 /* LevelIOSSdkExampleUITests.xctest */ = {isa = PBXFileReference; explicitFileType = wrapper.cfbundle; includeInIndex = 0; path = LevelIOSSdkExampleUITests.xctest; sourceTree = BUILT_PRODUCTS_DIR; };
		19B644A11DC3CA7F00006C41 /* LevelIOSSdkExampleUITests.swift */ = {isa = PBXFileReference; lastKnownFileType = sourcecode.swift; path = LevelIOSSdkExampleUITests.swift; sourceTree = "<group>"; };
		19B644A31DC3CA7F00006C41 /* Info.plist */ = {isa = PBXFileReference; lastKnownFileType = text.plist.xml; path = Info.plist; sourceTree = "<group>"; };
		249F273E31BAF9DB44BA4C81 /* Pods-LevelIOSSdkExampleTests.debug.xcconfig */ = {isa = PBXFileReference; includeInIndex = 1; lastKnownFileType = text.xcconfig; name = "Pods-LevelIOSSdkExampleTests.debug.xcconfig"; path = "Pods/Target Support Files/Pods-LevelIOSSdkExampleTests/Pods-LevelIOSSdkExampleTests.debug.xcconfig"; sourceTree = "<group>"; };
		3FE6874F442E6FD1DCC8959A /* Pods-LevelIOSSdkExample.release.xcconfig */ = {isa = PBXFileReference; includeInIndex = 1; lastKnownFileType = text.xcconfig; name = "Pods-LevelIOSSdkExample.release.xcconfig"; path = "Pods/Target Support Files/Pods-LevelIOSSdkExample/Pods-LevelIOSSdkExample.release.xcconfig"; sourceTree = "<group>"; };
		995CF26298B69F71268C205E /* Pods_LevelIOSSdkExampleUITests.framework */ = {isa = PBXFileReference; explicitFileType = wrapper.framework; includeInIndex = 0; path = Pods_LevelIOSSdkExampleUITests.framework; sourceTree = BUILT_PRODUCTS_DIR; };
		A37149E59FB8A298A3270816 /* Pods-LevelIOSSdkExampleUITests.debug.xcconfig */ = {isa = PBXFileReference; includeInIndex = 1; lastKnownFileType = text.xcconfig; name = "Pods-LevelIOSSdkExampleUITests.debug.xcconfig"; path = "Pods/Target Support Files/Pods-LevelIOSSdkExampleUITests/Pods-LevelIOSSdkExampleUITests.debug.xcconfig"; sourceTree = "<group>"; };
		BDC67E381983FD7FE8BB50D1 /* Pods_LevelIOSSdkExampleTests.framework */ = {isa = PBXFileReference; explicitFileType = wrapper.framework; includeInIndex = 0; path = Pods_LevelIOSSdkExampleTests.framework; sourceTree = BUILT_PRODUCTS_DIR; };
		BFFF8DDD87B5780C686E5A73 /* Pods-LevelIOSSdkExampleUITests.release.xcconfig */ = {isa = PBXFileReference; includeInIndex = 1; lastKnownFileType = text.xcconfig; name = "Pods-LevelIOSSdkExampleUITests.release.xcconfig"; path = "Pods/Target Support Files/Pods-LevelIOSSdkExampleUITests/Pods-LevelIOSSdkExampleUITests.release.xcconfig"; sourceTree = "<group>"; };
		D27499A7355434E236B25B33 /* Pods_LevelIOSSdkExample.framework */ = {isa = PBXFileReference; explicitFileType = wrapper.framework; includeInIndex = 0; path = Pods_LevelIOSSdkExample.framework; sourceTree = BUILT_PRODUCTS_DIR; };
		FB3E9EE8ECDA5C692850C1AD /* Pods-LevelIOSSdkExample.debug.xcconfig */ = {isa = PBXFileReference; includeInIndex = 1; lastKnownFileType = text.xcconfig; name = "Pods-LevelIOSSdkExample.debug.xcconfig"; path = "Pods/Target Support Files/Pods-LevelIOSSdkExample/Pods-LevelIOSSdkExample.debug.xcconfig"; sourceTree = "<group>"; };
/* End PBXFileReference section */

/* Begin PBXFrameworksBuildPhase section */
		19B644791DC3CA7F00006C41 /* Frameworks */ = {
			isa = PBXFrameworksBuildPhase;
			buildActionMask = 2147483647;
			files = (
				593A537CAFEAAD9B96F9524F /* Pods_LevelIOSSdkExample.framework in Frameworks */,
			);
			runOnlyForDeploymentPostprocessing = 0;
		};
		19B6448F1DC3CA7F00006C41 /* Frameworks */ = {
			isa = PBXFrameworksBuildPhase;
			buildActionMask = 2147483647;
			files = (
				D87C56533A4230E4CB8F2234 /* Pods_LevelIOSSdkExampleTests.framework in Frameworks */,
			);
			runOnlyForDeploymentPostprocessing = 0;
		};
		19B6449A1DC3CA7F00006C41 /* Frameworks */ = {
			isa = PBXFrameworksBuildPhase;
			buildActionMask = 2147483647;
			files = (
				2E5704B384DF40F37CCE8D0B /* Pods_LevelIOSSdkExampleUITests.framework in Frameworks */,
			);
			runOnlyForDeploymentPostprocessing = 0;
		};
/* End PBXFrameworksBuildPhase section */

/* Begin PBXGroup section */
		19488F731DCBB3EF00C2B531 /* Images */ = {
			isa = PBXGroup;
			children = (
				19488F6B1DCBB3D700C2B531 /* levelPurpleButton.png */,
				19488F6C1DCBB3D700C2B531 /* levelRedButton.png */,
				19488F6D1DCBB3D700C2B531 /* levelWhiteButton.png */,
				19488F6E1DCBB3D700C2B531 /* levelYellowButton.png */,
			);
			name = Images;
			sourceTree = "<group>";
		};
		1988CBF71DC940E700AA8A8F /* LevelIOSSdk */ = {
			isa = PBXGroup;
			children = (
				19488F731DCBB3EF00C2B531 /* Images */,
				1988CBF81DC9410900AA8A8F /* model */,
				1988CBED1DC940D300AA8A8F /* BleManager.swift */,
				1988CBEE1DC940D300AA8A8F /* BootloaderManager.swift */,
				1988CBEF1DC940D300AA8A8F /* DeviceClient.swift */,
				1988CBF01DC940D300AA8A8F /* DeviceIdManager.swift */,
				1988CBF11DC940D300AA8A8F /* DeviceStateMachine.swift */,
			);
			name = LevelIOSSdk;
			sourceTree = "<group>";
		};
		1988CBF81DC9410900AA8A8F /* model */ = {
			isa = PBXGroup;
			children = (
				1988CC221DC9416200AA8A8F /* helper */,
				1988CC051DC9412800AA8A8F /* constants */,
				1988CC371DC9419900AA8A8F /* strategy */,
				1988CBF91DC9411700AA8A8F /* AccelFilt.swift */,
				1988CBFA1DC9411700AA8A8F /* BatteryReport.swift */,
				1988CBFB1DC9411700AA8A8F /* BatteryState.swift */,
				1988CBFC1DC9411700AA8A8F /* BleCommand.swift */,
				1988CBFD1DC9411700AA8A8F /* BleFoundDevice.swift */,
				1988CBFE1DC9411700AA8A8F /* CodePacket.swift */,
				1988CC1A1DC9415200AA8A8F /* DataPacket.swift */,
				1988CC1B1DC9415200AA8A8F /* DeleteBondPacket.swift */,
				1988CC1C1DC9415200AA8A8F /* DeviceUserUuid.swift */,
				1988CC1D1DC9415200AA8A8F /* Frame.swift */,
				1988CC291DC9418F00AA8A8F /* LastLocation.swift */,
				1988CC2A1DC9418F00AA8A8F /* LevelColor.swift */,
				1988CC2B1DC9418F00AA8A8F /* LevelModel.swift */,
				1988CC2C1DC9418F00AA8A8F /* LevelUser.swift */,
				1988CC2D1DC9418F00AA8A8F /* LockPacket.swift */,
				1988CC2E1DC9418F00AA8A8F /* RecordData.swift */,
				1988CC2F1DC9418F00AA8A8F /* ReportAttributes.swift */,
				1988CC541DC9431700AA8A8F /* Step.swift */,
				1988CC561DC9476C00AA8A8F /* TimePacket.swift */,
				1988CC581DC949DE00AA8A8F /* TransmitControlData.swift */,
				19488F761DCC0CAB00C2B531 /* ReporterConfig.swift */,
				19488F781DCD0F1600C2B531 /* NukeRecordsPacket.swift */,
			);
			name = model;
			sourceTree = "<group>";
		};
		1988CC051DC9412800AA8A8F /* constants */ = {
			isa = PBXGroup;
			children = (
				1988CC061DC9413D00AA8A8F /* BleCharacteristics.swift */,
				1988CC071DC9413D00AA8A8F /* BleServices.swift */,
				1988CC081DC9413D00AA8A8F /* Charity.swift */,
				1988CC091DC9413D00AA8A8F /* DataFields.swift */,
				1988CC0A1DC9413D00AA8A8F /* DependentDataScale.swift */,
				1988CC0B1DC9413D00AA8A8F /* DependentDataType.swift */,
				1988CC0C1DC9413D00AA8A8F /* DependentVariableDescription.swift */,
				1988CC0D1DC9413D00AA8A8F /* DeviceCommand.swift */,
				1988CC0E1DC9413D00AA8A8F /* IndependentVariableDescription.swift */,
				1988CC0F1DC9413D00AA8A8F /* StateMachine.swift */,
				19488F741DCC0C7A00C2B531 /* ReporterType.swift */,
				19488F7C1DCD4F4C00C2B531 /* ReporterError.swift */,
			);
			name = constants;
			sourceTree = "<group>";
		};
		1988CC221DC9416200AA8A8F /* helper */ = {
			isa = PBXGroup;
			children = (
				1988CC231DC9418200AA8A8F /* BitsHelper.swift */,
				1988CC241DC9418200AA8A8F /* CalculationHelper.swift */,
				1988CC251DC9418200AA8A8F /* LeastSquaresExponentialFit.swift */,
			);
			name = helper;
			sourceTree = "<group>";
		};
		1988CC371DC9419900AA8A8F /* strategy */ = {
			isa = PBXGroup;
			children = (
				1988CC381DC941C700AA8A8F /* CodeParser.swift */,
				1988CC391DC941C700AA8A8F /* DataPacketFactory.swift */,
				1988CC3A1DC941C700AA8A8F /* DataPacketParser.swift */,
				1988CC3B1DC941C700AA8A8F /* DeleteBondParser.swift */,
				1988CC3C1DC941C700AA8A8F /* FrameParser.swift */,
				1988CC3D1DC941C700AA8A8F /* LockParser.swift */,
				1988CC3E1DC941C700AA8A8F /* NackParser.swift */,
				1988CC3F1DC941C700AA8A8F /* PacketParserManager.swift */,
				1988CC401DC941C700AA8A8F /* ReportAttributesParser.swift */,
				1988CC411DC941C700AA8A8F /* ReportControlParser.swift */,
				1988CC421DC941C700AA8A8F /* StartOfRecordParser.swift */,
				1988CC431DC941C700AA8A8F /* TimeParser.swift */,
				1988CC441DC941C700AA8A8F /* TransmitControlParser.swift */,
				1988CC451DC941C700AA8A8F /* UserUuidParser.swift */,
				19488F7A1DCD105600C2B531 /* NukePacketParser.swift */,
			);
			name = strategy;
			sourceTree = "<group>";
		};
		19B644731DC3CA7F00006C41 = {
			isa = PBXGroup;
			children = (
				19B6447E1DC3CA7F00006C41 /* LevelIOSSdkExample */,
				19B644951DC3CA7F00006C41 /* LevelIOSSdkExampleTests */,
				19B644A01DC3CA7F00006C41 /* LevelIOSSdkExampleUITests */,
				19B6447D1DC3CA7F00006C41 /* Products */,
				9305CF3614D64E4370E7AF99 /* Pods */,
				E983672AE997F718499740F2 /* Frameworks */,
			);
			sourceTree = "<group>";
		};
		19B6447D1DC3CA7F00006C41 /* Products */ = {
			isa = PBXGroup;
			children = (
				19B6447C1DC3CA7F00006C41 /* LevelIOSSdkExample.app */,
				19B644921DC3CA7F00006C41 /* LevelIOSSdkExampleTests.xctest */,
				19B6449D1DC3CA7F00006C41 /* LevelIOSSdkExampleUITests.xctest */,
			);
			name = Products;
			sourceTree = "<group>";
		};
		19B6447E1DC3CA7F00006C41 /* LevelIOSSdkExample */ = {
			isa = PBXGroup;
			children = (
				1988CBF71DC940E700AA8A8F /* LevelIOSSdk */,
				19B6447F1DC3CA7F00006C41 /* AppDelegate.swift */,
				19B644811DC3CA7F00006C41 /* FirstViewController.swift */,
				19B644831DC3CA7F00006C41 /* SecondViewController.swift */,
				19B644851DC3CA7F00006C41 /* Main.storyboard */,
				19B644881DC3CA7F00006C41 /* Assets.xcassets */,
				19B6448A1DC3CA7F00006C41 /* LaunchScreen.storyboard */,
				19B6448D1DC3CA7F00006C41 /* Info.plist */,
			);
			path = LevelIOSSdkExample;
			sourceTree = "<group>";
		};
		19B644951DC3CA7F00006C41 /* LevelIOSSdkExampleTests */ = {
			isa = PBXGroup;
			children = (
				19B644961DC3CA7F00006C41 /* LevelIOSSdkExampleTests.swift */,
				19B644981DC3CA7F00006C41 /* Info.plist */,
			);
			path = LevelIOSSdkExampleTests;
			sourceTree = "<group>";
		};
		19B644A01DC3CA7F00006C41 /* LevelIOSSdkExampleUITests */ = {
			isa = PBXGroup;
			children = (
				19B644A11DC3CA7F00006C41 /* LevelIOSSdkExampleUITests.swift */,
				19B644A31DC3CA7F00006C41 /* Info.plist */,
			);
			path = LevelIOSSdkExampleUITests;
			sourceTree = "<group>";
		};
		9305CF3614D64E4370E7AF99 /* Pods */ = {
			isa = PBXGroup;
			children = (
				FB3E9EE8ECDA5C692850C1AD /* Pods-LevelIOSSdkExample.debug.xcconfig */,
				3FE6874F442E6FD1DCC8959A /* Pods-LevelIOSSdkExample.release.xcconfig */,
				249F273E31BAF9DB44BA4C81 /* Pods-LevelIOSSdkExampleTests.debug.xcconfig */,
				17363981EBAAADC917E988FE /* Pods-LevelIOSSdkExampleTests.release.xcconfig */,
				A37149E59FB8A298A3270816 /* Pods-LevelIOSSdkExampleUITests.debug.xcconfig */,
				BFFF8DDD87B5780C686E5A73 /* Pods-LevelIOSSdkExampleUITests.release.xcconfig */,
			);
			name = Pods;
			sourceTree = "<group>";
		};
		E983672AE997F718499740F2 /* Frameworks */ = {
			isa = PBXGroup;
			children = (
				D27499A7355434E236B25B33 /* Pods_LevelIOSSdkExample.framework */,
				BDC67E381983FD7FE8BB50D1 /* Pods_LevelIOSSdkExampleTests.framework */,
				995CF26298B69F71268C205E /* Pods_LevelIOSSdkExampleUITests.framework */,
			);
			name = Frameworks;
			sourceTree = "<group>";
		};
/* End PBXGroup section */

/* Begin PBXNativeTarget section */
		19B6447B1DC3CA7F00006C41 /* LevelIOSSdkExample */ = {
			isa = PBXNativeTarget;
			buildConfigurationList = 19B644A61DC3CA7F00006C41 /* Build configuration list for PBXNativeTarget "LevelIOSSdkExample" */;
			buildPhases = (
				698CF0A7DB5DB231D2546B7F /* [CP] Check Pods Manifest.lock */,
				19B644781DC3CA7F00006C41 /* Sources */,
				19B644791DC3CA7F00006C41 /* Frameworks */,
				19B6447A1DC3CA7F00006C41 /* Resources */,
				EB8BB3BEFC7CEAE03EF4C0F7 /* [CP] Embed Pods Frameworks */,
				481047EEB4E644EFA59E6E45 /* [CP] Copy Pods Resources */,
			);
			buildRules = (
			);
			dependencies = (
			);
			name = LevelIOSSdkExample;
			productName = LevelIOSSdkExample;
			productReference = 19B6447C1DC3CA7F00006C41 /* LevelIOSSdkExample.app */;
			productType = "com.apple.product-type.application";
		};
		19B644911DC3CA7F00006C41 /* LevelIOSSdkExampleTests */ = {
			isa = PBXNativeTarget;
			buildConfigurationList = 19B644A91DC3CA7F00006C41 /* Build configuration list for PBXNativeTarget "LevelIOSSdkExampleTests" */;
			buildPhases = (
				A27940E3231B296AC77EFB17 /* [CP] Check Pods Manifest.lock */,
				19B6448E1DC3CA7F00006C41 /* Sources */,
				19B6448F1DC3CA7F00006C41 /* Frameworks */,
				19B644901DC3CA7F00006C41 /* Resources */,
				5694EAB43A231D90D12F2FC2 /* [CP] Embed Pods Frameworks */,
				61DF4BD3E57A0D57AC9A8D8B /* [CP] Copy Pods Resources */,
			);
			buildRules = (
			);
			dependencies = (
				19B644941DC3CA7F00006C41 /* PBXTargetDependency */,
			);
			name = LevelIOSSdkExampleTests;
			productName = LevelIOSSdkExampleTests;
			productReference = 19B644921DC3CA7F00006C41 /* LevelIOSSdkExampleTests.xctest */;
			productType = "com.apple.product-type.bundle.unit-test";
		};
		19B6449C1DC3CA7F00006C41 /* LevelIOSSdkExampleUITests */ = {
			isa = PBXNativeTarget;
			buildConfigurationList = 19B644AC1DC3CA7F00006C41 /* Build configuration list for PBXNativeTarget "LevelIOSSdkExampleUITests" */;
			buildPhases = (
				715F0C638F7CA12238BFBDA8 /* [CP] Check Pods Manifest.lock */,
				19B644991DC3CA7F00006C41 /* Sources */,
				19B6449A1DC3CA7F00006C41 /* Frameworks */,
				19B6449B1DC3CA7F00006C41 /* Resources */,
				8D69D84E1CABACA85E892A8F /* [CP] Embed Pods Frameworks */,
				979AC5B868132F0ED25244BB /* [CP] Copy Pods Resources */,
			);
			buildRules = (
			);
			dependencies = (
				19B6449F1DC3CA7F00006C41 /* PBXTargetDependency */,
			);
			name = LevelIOSSdkExampleUITests;
			productName = LevelIOSSdkExampleUITests;
			productReference = 19B6449D1DC3CA7F00006C41 /* LevelIOSSdkExampleUITests.xctest */;
			productType = "com.apple.product-type.bundle.ui-testing";
		};
/* End PBXNativeTarget section */

/* Begin PBXProject section */
		19B644741DC3CA7F00006C41 /* Project object */ = {
			isa = PBXProject;
			attributes = {
				LastSwiftUpdateCheck = 0800;
				LastUpgradeCheck = 0810;
				ORGANIZATIONNAME = TheShop;
				TargetAttributes = {
					19B6447B1DC3CA7F00006C41 = {
						CreatedOnToolsVersion = 8.0;
						DevelopmentTeam = YVVF26BL6H;
						ProvisioningStyle = Automatic;
						SystemCapabilities = {
							com.apple.BackgroundModes = {
								enabled = 1;
							};
						};
					};
					19B644911DC3CA7F00006C41 = {
						CreatedOnToolsVersion = 8.0;
						ProvisioningStyle = Automatic;
						TestTargetID = 19B6447B1DC3CA7F00006C41;
					};
					19B6449C1DC3CA7F00006C41 = {
						CreatedOnToolsVersion = 8.0;
						ProvisioningStyle = Automatic;
						TestTargetID = 19B6447B1DC3CA7F00006C41;
					};
				};
			};
			buildConfigurationList = 19B644771DC3CA7F00006C41 /* Build configuration list for PBXProject "LevelIOSSdkExample" */;
			compatibilityVersion = "Xcode 3.2";
			developmentRegion = English;
			hasScannedForEncodings = 0;
			knownRegions = (
				en,
				Base,
			);
			mainGroup = 19B644731DC3CA7F00006C41;
			productRefGroup = 19B6447D1DC3CA7F00006C41 /* Products */;
			projectDirPath = "";
			projectRoot = "";
			targets = (
				19B6447B1DC3CA7F00006C41 /* LevelIOSSdkExample */,
				19B644911DC3CA7F00006C41 /* LevelIOSSdkExampleTests */,
				19B6449C1DC3CA7F00006C41 /* LevelIOSSdkExampleUITests */,
			);
		};
/* End PBXProject section */

/* Begin PBXResourcesBuildPhase section */
		19B6447A1DC3CA7F00006C41 /* Resources */ = {
			isa = PBXResourcesBuildPhase;
			buildActionMask = 2147483647;
			files = (
				19488F711DCBB3D700C2B531 /* levelWhiteButton.png in Resources */,
				19488F6F1DCBB3D700C2B531 /* levelPurpleButton.png in Resources */,
				19B6448C1DC3CA7F00006C41 /* LaunchScreen.storyboard in Resources */,
				19488F701DCBB3D700C2B531 /* levelRedButton.png in Resources */,
				19B644891DC3CA7F00006C41 /* Assets.xcassets in Resources */,
				19488F721DCBB3D700C2B531 /* levelYellowButton.png in Resources */,
				19B644871DC3CA7F00006C41 /* Main.storyboard in Resources */,
			);
			runOnlyForDeploymentPostprocessing = 0;
		};
		19B644901DC3CA7F00006C41 /* Resources */ = {
			isa = PBXResourcesBuildPhase;
			buildActionMask = 2147483647;
			files = (
			);
			runOnlyForDeploymentPostprocessing = 0;
		};
		19B6449B1DC3CA7F00006C41 /* Resources */ = {
			isa = PBXResourcesBuildPhase;
			buildActionMask = 2147483647;
			files = (
			);
			runOnlyForDeploymentPostprocessing = 0;
		};
/* End PBXResourcesBuildPhase section */

/* Begin PBXShellScriptBuildPhase section */
		481047EEB4E644EFA59E6E45 /* [CP] Copy Pods Resources */ = {
			isa = PBXShellScriptBuildPhase;
			buildActionMask = 2147483647;
			files = (
			);
			inputPaths = (
			);
			name = "[CP] Copy Pods Resources";
			outputPaths = (
			);
			runOnlyForDeploymentPostprocessing = 0;
			shellPath = /bin/sh;
			shellScript = "\"${SRCROOT}/Pods/Target Support Files/Pods-LevelIOSSdkExample/Pods-LevelIOSSdkExample-resources.sh\"\n";
			showEnvVarsInLog = 0;
		};
		5694EAB43A231D90D12F2FC2 /* [CP] Embed Pods Frameworks */ = {
			isa = PBXShellScriptBuildPhase;
			buildActionMask = 2147483647;
			files = (
			);
			inputPaths = (
			);
			name = "[CP] Embed Pods Frameworks";
			outputPaths = (
			);
			runOnlyForDeploymentPostprocessing = 0;
			shellPath = /bin/sh;
			shellScript = "\"${SRCROOT}/Pods/Target Support Files/Pods-LevelIOSSdkExampleTests/Pods-LevelIOSSdkExampleTests-frameworks.sh\"\n";
			showEnvVarsInLog = 0;
		};
		61DF4BD3E57A0D57AC9A8D8B /* [CP] Copy Pods Resources */ = {
			isa = PBXShellScriptBuildPhase;
			buildActionMask = 2147483647;
			files = (
			);
			inputPaths = (
			);
			name = "[CP] Copy Pods Resources";
			outputPaths = (
			);
			runOnlyForDeploymentPostprocessing = 0;
			shellPath = /bin/sh;
			shellScript = "\"${SRCROOT}/Pods/Target Support Files/Pods-LevelIOSSdkExampleTests/Pods-LevelIOSSdkExampleTests-resources.sh\"\n";
			showEnvVarsInLog = 0;
		};
		698CF0A7DB5DB231D2546B7F /* [CP] Check Pods Manifest.lock */ = {
			isa = PBXShellScriptBuildPhase;
			buildActionMask = 2147483647;
			files = (
			);
			inputPaths = (
			);
			name = "[CP] Check Pods Manifest.lock";
			outputPaths = (
			);
			runOnlyForDeploymentPostprocessing = 0;
			shellPath = /bin/sh;
			shellScript = "diff \"${PODS_ROOT}/../Podfile.lock\" \"${PODS_ROOT}/Manifest.lock\" > /dev/null\nif [ $? != 0 ] ; then\n    # print error to STDERR\n    echo \"error: The sandbox is not in sync with the Podfile.lock. Run 'pod install' or update your CocoaPods installation.\" >&2\n    exit 1\nfi\n";
			showEnvVarsInLog = 0;
		};
		715F0C638F7CA12238BFBDA8 /* [CP] Check Pods Manifest.lock */ = {
			isa = PBXShellScriptBuildPhase;
			buildActionMask = 2147483647;
			files = (
			);
			inputPaths = (
			);
			name = "[CP] Check Pods Manifest.lock";
			outputPaths = (
			);
			runOnlyForDeploymentPostprocessing = 0;
			shellPath = /bin/sh;
			shellScript = "diff \"${PODS_ROOT}/../Podfile.lock\" \"${PODS_ROOT}/Manifest.lock\" > /dev/null\nif [ $? != 0 ] ; then\n    # print error to STDERR\n    echo \"error: The sandbox is not in sync with the Podfile.lock. Run 'pod install' or update your CocoaPods installation.\" >&2\n    exit 1\nfi\n";
			showEnvVarsInLog = 0;
		};
		8D69D84E1CABACA85E892A8F /* [CP] Embed Pods Frameworks */ = {
			isa = PBXShellScriptBuildPhase;
			buildActionMask = 2147483647;
			files = (
			);
			inputPaths = (
			);
			name = "[CP] Embed Pods Frameworks";
			outputPaths = (
			);
			runOnlyForDeploymentPostprocessing = 0;
			shellPath = /bin/sh;
			shellScript = "\"${SRCROOT}/Pods/Target Support Files/Pods-LevelIOSSdkExampleUITests/Pods-LevelIOSSdkExampleUITests-frameworks.sh\"\n";
			showEnvVarsInLog = 0;
		};
		979AC5B868132F0ED25244BB /* [CP] Copy Pods Resources */ = {
			isa = PBXShellScriptBuildPhase;
			buildActionMask = 2147483647;
			files = (
			);
			inputPaths = (
			);
			name = "[CP] Copy Pods Resources";
			outputPaths = (
			);
			runOnlyForDeploymentPostprocessing = 0;
			shellPath = /bin/sh;
			shellScript = "\"${SRCROOT}/Pods/Target Support Files/Pods-LevelIOSSdkExampleUITests/Pods-LevelIOSSdkExampleUITests-resources.sh\"\n";
			showEnvVarsInLog = 0;
		};
		A27940E3231B296AC77EFB17 /* [CP] Check Pods Manifest.lock */ = {
			isa = PBXShellScriptBuildPhase;
			buildActionMask = 2147483647;
			files = (
			);
			inputPaths = (
			);
			name = "[CP] Check Pods Manifest.lock";
			outputPaths = (
			);
			runOnlyForDeploymentPostprocessing = 0;
			shellPath = /bin/sh;
			shellScript = "diff \"${PODS_ROOT}/../Podfile.lock\" \"${PODS_ROOT}/Manifest.lock\" > /dev/null\nif [ $? != 0 ] ; then\n    # print error to STDERR\n    echo \"error: The sandbox is not in sync with the Podfile.lock. Run 'pod install' or update your CocoaPods installation.\" >&2\n    exit 1\nfi\n";
			showEnvVarsInLog = 0;
		};
		EB8BB3BEFC7CEAE03EF4C0F7 /* [CP] Embed Pods Frameworks */ = {
			isa = PBXShellScriptBuildPhase;
			buildActionMask = 2147483647;
			files = (
			);
			inputPaths = (
			);
			name = "[CP] Embed Pods Frameworks";
			outputPaths = (
			);
			runOnlyForDeploymentPostprocessing = 0;
			shellPath = /bin/sh;
			shellScript = "\"${SRCROOT}/Pods/Target Support Files/Pods-LevelIOSSdkExample/Pods-LevelIOSSdkExample-frameworks.sh\"\n";
			showEnvVarsInLog = 0;
		};
/* End PBXShellScriptBuildPhase section */

/* Begin PBXSourcesBuildPhase section */
		19B644781DC3CA7F00006C41 /* Sources */ = {
			isa = PBXSourcesBuildPhase;
			buildActionMask = 2147483647;
			files = (
				1988CC351DC9418F00AA8A8F /* RecordData.swift in Sources */,
				19488F771DCC0CAB00C2B531 /* ReporterConfig.swift in Sources */,
				1988CC341DC9418F00AA8A8F /* LockPacket.swift in Sources */,
				1988CBF41DC940D300AA8A8F /* DeviceClient.swift in Sources */,
				1988CC511DC941C700AA8A8F /* TimeParser.swift in Sources */,
				1988CBF61DC940D300AA8A8F /* DeviceStateMachine.swift in Sources */,
				1988CC031DC9411700AA8A8F /* BleFoundDevice.swift in Sources */,
				1988CC531DC941C700AA8A8F /* UserUuidParser.swift in Sources */,
				1988CC171DC9413D00AA8A8F /* DeviceCommand.swift in Sources */,
				1988CC111DC9413D00AA8A8F /* BleServices.swift in Sources */,
				1988CBFF1DC9411700AA8A8F /* AccelFilt.swift in Sources */,
				19488F751DCC0C7A00C2B531 /* ReporterType.swift in Sources */,
				1988CC101DC9413D00AA8A8F /* BleCharacteristics.swift in Sources */,
				1988CC011DC9411700AA8A8F /* BatteryState.swift in Sources */,
				1988CC321DC9418F00AA8A8F /* LevelModel.swift in Sources */,
				19B644841DC3CA7F00006C41 /* SecondViewController.swift in Sources */,
				1988CC471DC941C700AA8A8F /* DataPacketFactory.swift in Sources */,
				1988CC021DC9411700AA8A8F /* BleCommand.swift in Sources */,
				1988CC151DC9413D00AA8A8F /* DependentDataType.swift in Sources */,
				1988CC4C1DC941C700AA8A8F /* NackParser.swift in Sources */,
				1988CC571DC9476C00AA8A8F /* TimePacket.swift in Sources */,
				1988CC361DC9418F00AA8A8F /* ReportAttributes.swift in Sources */,
				1988CC311DC9418F00AA8A8F /* LevelColor.swift in Sources */,
				1988CBF31DC940D300AA8A8F /* BootloaderManager.swift in Sources */,
				1988CC131DC9413D00AA8A8F /* DataFields.swift in Sources */,
				1988CC161DC9413D00AA8A8F /* DependentVariableDescription.swift in Sources */,
				1988CC041DC9411700AA8A8F /* CodePacket.swift in Sources */,
				1988CC4E1DC941C700AA8A8F /* ReportAttributesParser.swift in Sources */,
				1988CBF21DC940D300AA8A8F /* BleManager.swift in Sources */,
				1988CC481DC941C700AA8A8F /* DataPacketParser.swift in Sources */,
				1988CC181DC9413D00AA8A8F /* IndependentVariableDescription.swift in Sources */,
				19488F7D1DCD4F4C00C2B531 /* ReporterError.swift in Sources */,
				19B644801DC3CA7F00006C41 /* AppDelegate.swift in Sources */,
				1988CC201DC9415300AA8A8F /* DeviceUserUuid.swift in Sources */,
				1988CC591DC949DE00AA8A8F /* TransmitControlData.swift in Sources */,
				19B644821DC3CA7F00006C41 /* FirstViewController.swift in Sources */,
				1988CC1F1DC9415300AA8A8F /* DeleteBondPacket.swift in Sources */,
				1988CC191DC9413D00AA8A8F /* StateMachine.swift in Sources */,
				1988CC461DC941C700AA8A8F /* CodeParser.swift in Sources */,
				19488F7B1DCD105600C2B531 /* NukePacketParser.swift in Sources */,
				1988CC491DC941C700AA8A8F /* DeleteBondParser.swift in Sources */,
				1988CC551DC9431700AA8A8F /* Step.swift in Sources */,
				1988CC521DC941C700AA8A8F /* TransmitControlParser.swift in Sources */,
				1988CC121DC9413D00AA8A8F /* Charity.swift in Sources */,
				1988CBF51DC940D300AA8A8F /* DeviceIdManager.swift in Sources */,
				1988CC001DC9411700AA8A8F /* BatteryReport.swift in Sources */,
				1988CC331DC9418F00AA8A8F /* LevelUser.swift in Sources */,
				1988CC281DC9418200AA8A8F /* LeastSquaresExponentialFit.swift in Sources */,
				1988CC301DC9418F00AA8A8F /* LastLocation.swift in Sources */,
				19488F791DCD0F1600C2B531 /* NukeRecordsPacket.swift in Sources */,
				1988CC4B1DC941C700AA8A8F /* LockParser.swift in Sources */,
				1988CC211DC9415300AA8A8F /* Frame.swift in Sources */,
				1988CC4A1DC941C700AA8A8F /* FrameParser.swift in Sources */,
				1988CC501DC941C700AA8A8F /* StartOfRecordParser.swift in Sources */,
				1988CC261DC9418200AA8A8F /* BitsHelper.swift in Sources */,
				1988CC141DC9413D00AA8A8F /* DependentDataScale.swift in Sources */,
				1988CC1E1DC9415200AA8A8F /* DataPacket.swift in Sources */,
				1988CC4D1DC941C700AA8A8F /* PacketParserManager.swift in Sources */,
				1988CC4F1DC941C700AA8A8F /* ReportControlParser.swift in Sources */,
				1988CC271DC9418200AA8A8F /* CalculationHelper.swift in Sources */,
			);
			runOnlyForDeploymentPostprocessing = 0;
		};
		19B6448E1DC3CA7F00006C41 /* Sources */ = {
			isa = PBXSourcesBuildPhase;
			buildActionMask = 2147483647;
			files = (
				19B644971DC3CA7F00006C41 /* LevelIOSSdkExampleTests.swift in Sources */,
			);
			runOnlyForDeploymentPostprocessing = 0;
		};
		19B644991DC3CA7F00006C41 /* Sources */ = {
			isa = PBXSourcesBuildPhase;
			buildActionMask = 2147483647;
			files = (
				19B644A21DC3CA7F00006C41 /* LevelIOSSdkExampleUITests.swift in Sources */,
			);
			runOnlyForDeploymentPostprocessing = 0;
		};
/* End PBXSourcesBuildPhase section */

/* Begin PBXTargetDependency section */
		19B644941DC3CA7F00006C41 /* PBXTargetDependency */ = {
			isa = PBXTargetDependency;
			target = 19B6447B1DC3CA7F00006C41 /* LevelIOSSdkExample */;
			targetProxy = 19B644931DC3CA7F00006C41 /* PBXContainerItemProxy */;
		};
		19B6449F1DC3CA7F00006C41 /* PBXTargetDependency */ = {
			isa = PBXTargetDependency;
			target = 19B6447B1DC3CA7F00006C41 /* LevelIOSSdkExample */;
			targetProxy = 19B6449E1DC3CA7F00006C41 /* PBXContainerItemProxy */;
		};
/* End PBXTargetDependency section */

/* Begin PBXVariantGroup section */
		19B644851DC3CA7F00006C41 /* Main.storyboard */ = {
			isa = PBXVariantGroup;
			children = (
				19B644861DC3CA7F00006C41 /* Base */,
			);
			name = Main.storyboard;
			sourceTree = "<group>";
		};
		19B6448A1DC3CA7F00006C41 /* LaunchScreen.storyboard */ = {
			isa = PBXVariantGroup;
			children = (
				19B6448B1DC3CA7F00006C41 /* Base */,
			);
			name = LaunchScreen.storyboard;
			sourceTree = "<group>";
		};
/* End PBXVariantGroup section */

/* Begin XCBuildConfiguration section */
		19B644A41DC3CA7F00006C41 /* Debug */ = {
			isa = XCBuildConfiguration;
			buildSettings = {
				ALWAYS_SEARCH_USER_PATHS = NO;
				CLANG_ANALYZER_NONNULL = YES;
				CLANG_CXX_LANGUAGE_STANDARD = "gnu++0x";
				CLANG_CXX_LIBRARY = "libc++";
				CLANG_ENABLE_MODULES = YES;
				CLANG_ENABLE_OBJC_ARC = YES;
				CLANG_WARN_BOOL_CONVERSION = YES;
				CLANG_WARN_CONSTANT_CONVERSION = YES;
				CLANG_WARN_DIRECT_OBJC_ISA_USAGE = YES_ERROR;
				CLANG_WARN_DOCUMENTATION_COMMENTS = YES;
				CLANG_WARN_EMPTY_BODY = YES;
				CLANG_WARN_ENUM_CONVERSION = YES;
				CLANG_WARN_INFINITE_RECURSION = YES;
				CLANG_WARN_INT_CONVERSION = YES;
				CLANG_WARN_OBJC_ROOT_CLASS = YES_ERROR;
				CLANG_WARN_SUSPICIOUS_MOVE = YES;
				CLANG_WARN_SUSPICIOUS_MOVES = YES;
				CLANG_WARN_UNREACHABLE_CODE = YES;
				CLANG_WARN__DUPLICATE_METHOD_MATCH = YES;
				"CODE_SIGN_IDENTITY[sdk=iphoneos*]" = "iPhone Developer";
				COPY_PHASE_STRIP = NO;
				DEBUG_INFORMATION_FORMAT = dwarf;
				ENABLE_STRICT_OBJC_MSGSEND = YES;
				ENABLE_TESTABILITY = YES;
				GCC_C_LANGUAGE_STANDARD = gnu99;
				GCC_DYNAMIC_NO_PIC = NO;
				GCC_NO_COMMON_BLOCKS = YES;
				GCC_OPTIMIZATION_LEVEL = 0;
				GCC_PREPROCESSOR_DEFINITIONS = (
					"DEBUG=1",
					"$(inherited)",
				);
				GCC_WARN_64_TO_32_BIT_CONVERSION = YES;
				GCC_WARN_ABOUT_RETURN_TYPE = YES_ERROR;
				GCC_WARN_UNDECLARED_SELECTOR = YES;
				GCC_WARN_UNINITIALIZED_AUTOS = YES_AGGRESSIVE;
				GCC_WARN_UNUSED_FUNCTION = YES;
				GCC_WARN_UNUSED_VARIABLE = YES;
				IPHONEOS_DEPLOYMENT_TARGET = 10.0;
				MTL_ENABLE_DEBUG_INFO = YES;
				ONLY_ACTIVE_ARCH = YES;
				SDKROOT = iphoneos;
				SWIFT_ACTIVE_COMPILATION_CONDITIONS = DEBUG;
				SWIFT_OPTIMIZATION_LEVEL = "-Onone";
				TARGETED_DEVICE_FAMILY = "1,2";
			};
			name = Debug;
		};
		19B644A51DC3CA7F00006C41 /* Release */ = {
			isa = XCBuildConfiguration;
			buildSettings = {
				ALWAYS_SEARCH_USER_PATHS = NO;
				CLANG_ANALYZER_NONNULL = YES;
				CLANG_CXX_LANGUAGE_STANDARD = "gnu++0x";
				CLANG_CXX_LIBRARY = "libc++";
				CLANG_ENABLE_MODULES = YES;
				CLANG_ENABLE_OBJC_ARC = YES;
				CLANG_WARN_BOOL_CONVERSION = YES;
				CLANG_WARN_CONSTANT_CONVERSION = YES;
				CLANG_WARN_DIRECT_OBJC_ISA_USAGE = YES_ERROR;
				CLANG_WARN_DOCUMENTATION_COMMENTS = YES;
				CLANG_WARN_EMPTY_BODY = YES;
				CLANG_WARN_ENUM_CONVERSION = YES;
				CLANG_WARN_INFINITE_RECURSION = YES;
				CLANG_WARN_INT_CONVERSION = YES;
				CLANG_WARN_OBJC_ROOT_CLASS = YES_ERROR;
				CLANG_WARN_SUSPICIOUS_MOVE = YES;
				CLANG_WARN_SUSPICIOUS_MOVES = YES;
				CLANG_WARN_UNREACHABLE_CODE = YES;
				CLANG_WARN__DUPLICATE_METHOD_MATCH = YES;
				"CODE_SIGN_IDENTITY[sdk=iphoneos*]" = "iPhone Developer";
				COPY_PHASE_STRIP = NO;
				DEBUG_INFORMATION_FORMAT = "dwarf-with-dsym";
				ENABLE_NS_ASSERTIONS = NO;
				ENABLE_STRICT_OBJC_MSGSEND = YES;
				GCC_C_LANGUAGE_STANDARD = gnu99;
				GCC_NO_COMMON_BLOCKS = YES;
				GCC_WARN_64_TO_32_BIT_CONVERSION = YES;
				GCC_WARN_ABOUT_RETURN_TYPE = YES_ERROR;
				GCC_WARN_UNDECLARED_SELECTOR = YES;
				GCC_WARN_UNINITIALIZED_AUTOS = YES_AGGRESSIVE;
				GCC_WARN_UNUSED_FUNCTION = YES;
				GCC_WARN_UNUSED_VARIABLE = YES;
				IPHONEOS_DEPLOYMENT_TARGET = 10.0;
				MTL_ENABLE_DEBUG_INFO = NO;
				SDKROOT = iphoneos;
				SWIFT_OPTIMIZATION_LEVEL = "-Owholemodule";
				TARGETED_DEVICE_FAMILY = "1,2";
				VALIDATE_PRODUCT = YES;
			};
			name = Release;
		};
		19B644A71DC3CA7F00006C41 /* Debug */ = {
			isa = XCBuildConfiguration;
			baseConfigurationReference = FB3E9EE8ECDA5C692850C1AD /* Pods-LevelIOSSdkExample.debug.xcconfig */;
			buildSettings = {
				ALWAYS_EMBED_SWIFT_STANDARD_LIBRARIES = YES;
				ASSETCATALOG_COMPILER_APPICON_NAME = AppIcon;
				DEVELOPMENT_TEAM = YVVF26BL6H;
				INFOPLIST_FILE = LevelIOSSdkExample/Info.plist;
				LD_RUNPATH_SEARCH_PATHS = "$(inherited) @executable_path/Frameworks";
				PRODUCT_BUNDLE_IDENTIFIER = theshopatvsp.LevelIOSSdkExample;
				PRODUCT_NAME = "$(TARGET_NAME)";
				SWIFT_VERSION = 3.0;
			};
			name = Debug;
		};
		19B644A81DC3CA7F00006C41 /* Release */ = {
			isa = XCBuildConfiguration;
			baseConfigurationReference = 3FE6874F442E6FD1DCC8959A /* Pods-LevelIOSSdkExample.release.xcconfig */;
			buildSettings = {
				ALWAYS_EMBED_SWIFT_STANDARD_LIBRARIES = YES;
				ASSETCATALOG_COMPILER_APPICON_NAME = AppIcon;
				DEVELOPMENT_TEAM = YVVF26BL6H;
				INFOPLIST_FILE = LevelIOSSdkExample/Info.plist;
				LD_RUNPATH_SEARCH_PATHS = "$(inherited) @executable_path/Frameworks";
				PRODUCT_BUNDLE_IDENTIFIER = theshopatvsp.LevelIOSSdkExample;
				PRODUCT_NAME = "$(TARGET_NAME)";
				SWIFT_VERSION = 3.0;
			};
			name = Release;
		};
		19B644AA1DC3CA7F00006C41 /* Debug */ = {
			isa = XCBuildConfiguration;
			baseConfigurationReference = 249F273E31BAF9DB44BA4C81 /* Pods-LevelIOSSdkExampleTests.debug.xcconfig */;
			buildSettings = {
				ALWAYS_EMBED_SWIFT_STANDARD_LIBRARIES = YES;
				BUNDLE_LOADER = "$(TEST_HOST)";
				INFOPLIST_FILE = LevelIOSSdkExampleTests/Info.plist;
				LD_RUNPATH_SEARCH_PATHS = "$(inherited) @executable_path/Frameworks @loader_path/Frameworks";
				PRODUCT_BUNDLE_IDENTIFIER = theshopatvsp.LevelIOSSdkExampleTests;
				PRODUCT_NAME = "$(TARGET_NAME)";
				SWIFT_VERSION = 3.0;
				TEST_HOST = "$(BUILT_PRODUCTS_DIR)/LevelIOSSdkExample.app/LevelIOSSdkExample";
			};
			name = Debug;
		};
		19B644AB1DC3CA7F00006C41 /* Release */ = {
			isa = XCBuildConfiguration;
			baseConfigurationReference = 17363981EBAAADC917E988FE /* Pods-LevelIOSSdkExampleTests.release.xcconfig */;
			buildSettings = {
				ALWAYS_EMBED_SWIFT_STANDARD_LIBRARIES = YES;
				BUNDLE_LOADER = "$(TEST_HOST)";
				INFOPLIST_FILE = LevelIOSSdkExampleTests/Info.plist;
				LD_RUNPATH_SEARCH_PATHS = "$(inherited) @executable_path/Frameworks @loader_path/Frameworks";
				PRODUCT_BUNDLE_IDENTIFIER = theshopatvsp.LevelIOSSdkExampleTests;
				PRODUCT_NAME = "$(TARGET_NAME)";
				SWIFT_VERSION = 3.0;
				TEST_HOST = "$(BUILT_PRODUCTS_DIR)/LevelIOSSdkExample.app/LevelIOSSdkExample";
			};
			name = Release;
		};
		19B644AD1DC3CA7F00006C41 /* Debug */ = {
			isa = XCBuildConfiguration;
			baseConfigurationReference = A37149E59FB8A298A3270816 /* Pods-LevelIOSSdkExampleUITests.debug.xcconfig */;
			buildSettings = {
				ALWAYS_EMBED_SWIFT_STANDARD_LIBRARIES = YES;
				INFOPLIST_FILE = LevelIOSSdkExampleUITests/Info.plist;
				LD_RUNPATH_SEARCH_PATHS = "$(inherited) @executable_path/Frameworks @loader_path/Frameworks";
				PRODUCT_BUNDLE_IDENTIFIER = theshopatvsp.LevelIOSSdkExampleUITests;
				PRODUCT_NAME = "$(TARGET_NAME)";
				SWIFT_VERSION = 3.0;
				TEST_TARGET_NAME = LevelIOSSdkExample;
			};
			name = Debug;
		};
		19B644AE1DC3CA7F00006C41 /* Release */ = {
			isa = XCBuildConfiguration;
			baseConfigurationReference = BFFF8DDD87B5780C686E5A73 /* Pods-LevelIOSSdkExampleUITests.release.xcconfig */;
			buildSettings = {
				ALWAYS_EMBED_SWIFT_STANDARD_LIBRARIES = YES;
				INFOPLIST_FILE = LevelIOSSdkExampleUITests/Info.plist;
				LD_RUNPATH_SEARCH_PATHS = "$(inherited) @executable_path/Frameworks @loader_path/Frameworks";
				PRODUCT_BUNDLE_IDENTIFIER = theshopatvsp.LevelIOSSdkExampleUITests;
				PRODUCT_NAME = "$(TARGET_NAME)";
				SWIFT_VERSION = 3.0;
				TEST_TARGET_NAME = LevelIOSSdkExample;
			};
			name = Release;
		};
/* End XCBuildConfiguration section */

/* Begin XCConfigurationList section */
		19B644771DC3CA7F00006C41 /* Build configuration list for PBXProject "LevelIOSSdkExample" */ = {
			isa = XCConfigurationList;
			buildConfigurations = (
				19B644A41DC3CA7F00006C41 /* Debug */,
				19B644A51DC3CA7F00006C41 /* Release */,
			);
			defaultConfigurationIsVisible = 0;
			defaultConfigurationName = Release;
		};
		19B644A61DC3CA7F00006C41 /* Build configuration list for PBXNativeTarget "LevelIOSSdkExample" */ = {
			isa = XCConfigurationList;
			buildConfigurations = (
				19B644A71DC3CA7F00006C41 /* Debug */,
				19B644A81DC3CA7F00006C41 /* Release */,
			);
			defaultConfigurationIsVisible = 0;
			defaultConfigurationName = Release;
		};
		19B644A91DC3CA7F00006C41 /* Build configuration list for PBXNativeTarget "LevelIOSSdkExampleTests" */ = {
			isa = XCConfigurationList;
			buildConfigurations = (
				19B644AA1DC3CA7F00006C41 /* Debug */,
				19B644AB1DC3CA7F00006C41 /* Release */,
			);
			defaultConfigurationIsVisible = 0;
			defaultConfigurationName = Release;
		};
		19B644AC1DC3CA7F00006C41 /* Build configuration list for PBXNativeTarget "LevelIOSSdkExampleUITests" */ = {
			isa = XCConfigurationList;
			buildConfigurations = (
				19B644AD1DC3CA7F00006C41 /* Debug */,
				19B644AE1DC3CA7F00006C41 /* Release */,
			);
			defaultConfigurationIsVisible = 0;
			defaultConfigurationName = Release;
		};
/* End XCConfigurationList section */
	};
	rootObject = 19B644741DC3CA7F00006C41 /* Project object */;
}
